
Microsoft Visual Studio Solution File, Format Version 12.00
# Visual Studio Version 17
VisualStudioVersion = 17.7.34024.191
MinimumVisualStudioVersion = 10.0.40219.1
Project("{FAE04EC0-301F-11D3-BF4B-00C04F79EFBC}") = "HW9_C_Sharp", "HW9_C_Sharp\HW9_C_Sharp.csproj", "{94049BCF-F032-414D-87CB-1A24E25385E9}"
EndProject
Global
	GlobalSection(SolutionConfigurationPlatforms) = preSolution
		Debug|Any CPU = Debug|Any CPU
		Release|Any CPU = Release|Any CPU
	EndGlobalSection
	GlobalSection(ProjectConfigurationPlatforms) = postSolution
		{94049BCF-F032-414D-87CB-1A24E25385E9}.Debug|Any CPU.ActiveCfg = Debug|Any CPU
		{94049BCF-F032-414D-87CB-1A24E25385E9}.Debug|Any CPU.Build.0 = Debug|Any CPU
		{94049BCF-F032-414D-87CB-1A24E25385E9}.Release|Any CPU.ActiveCfg = Release|Any CPU
		{94049BCF-F032-414D-87CB-1A24E25385E9}.Release|Any CPU.Build.0 = Release|Any CPU
	EndGlobalSection
	GlobalSection(SolutionProperties) = preSolution
		HideSolutionNode = FALSE
	EndGlobalSection
	GlobalSection(ExtensibilityGlobals) = postSolution
		SolutionGuid = {FD9D2F77-CD49-4CED-9917-EE0D862F9596}
	EndGlobalSection
EndGlobal
